
Microsoft Visual Studio Solution File, Format Version 12.00
# Visual Studio Version 16
VisualStudioVersion = 16.0.31702.278
MinimumVisualStudioVersion = 10.0.40219.1
Project("{FAE04EC0-301F-11D3-BF4B-00C04F79EFBC}") = "Email List Generator", "Email List Generator\Email List Generator.csproj", "{98A2CC27-1A99-454F-8E76-AA9D2D190BD7}"
EndProject
Global
	GlobalSection(SolutionConfigurationPlatforms) = preSolution
		Debug|Any CPU = Debug|Any CPU
		Release|Any CPU = Release|Any CPU
	EndGlobalSection
	GlobalSection(ProjectConfigurationPlatforms) = postSolution
		{98A2CC27-1A99-454F-8E76-AA9D2D190BD7}.Debug|Any CPU.ActiveCfg = Debug|Any CPU
		{98A2CC27-1A99-454F-8E76-AA9D2D190BD7}.Debug|Any CPU.Build.0 = Debug|Any CPU
		{98A2CC27-1A99-454F-8E76-AA9D2D190BD7}.Release|Any CPU.ActiveCfg = Release|Any CPU
		{98A2CC27-1A99-454F-8E76-AA9D2D190BD7}.Release|Any CPU.Build.0 = Release|Any CPU
	EndGlobalSection
	GlobalSection(SolutionProperties) = preSolution
		HideSolutionNode = FALSE
	EndGlobalSection
	GlobalSection(ExtensibilityGlobals) = postSolution
		SolutionGuid = {E0A426A7-F6DE-4CB2-BCF7-D3D96CEA98F1}
	EndGlobalSection
EndGlobal
